
Microsoft Visual Studio Solution File, Format Version 12.00
# Visual Studio Version 17
VisualStudioVersion = 17.9.34728.123
MinimumVisualStudioVersion = 10.0.40219.1
Project("{9A19103F-16F7-4668-BE54-9A1E7A4F7556}") = "GildedRose", "GildedRose\GildedRose.csproj", "{D781C52B-92C0-48BF-8414-177495DF4174}"
EndProject
Project("{9A19103F-16F7-4668-BE54-9A1E7A4F7556}") = "GildedRoseTests", "GildedRoseTests\GildedRoseTests.csproj", "{CB6715CE-A283-4C70-9C1B-F58822077731}"
EndProject
Project("{9A19103F-16F7-4668-BE54-9A1E7A4F7556}") = "GildedRoseFinal", "GildedRoseFinal\GildedRoseFinal.csproj", "{6C432209-94B3-4474-BE6B-4CF760661299}"
EndProject
Project("{9A19103F-16F7-4668-BE54-9A1E7A4F7556}") = "GildedRoseTestsFinal", "GildedRoseTestsFinal\GildedRoseTestsFinal.csproj", "{599CA028-AE80-446C-919F-A27A01B37A52}"
EndProject
Project("{9A19103F-16F7-4668-BE54-9A1E7A4F7556}") = "GildedRoseFinalConjured", "GildedRoseFinalConjured\GildedRoseFinalConjured.csproj", "{AFA91621-5F50-4ABA-9711-198C5F09B455}"
EndProject
Project("{9A19103F-16F7-4668-BE54-9A1E7A4F7556}") = "GildedRoseTestsFinalConjured", "GildedRoseTestsFinalConjured\GildedRoseTestsFinalConjured.csproj", "{B660C1BB-98B8-47E2-B917-A3BC6C35FB75}"
EndProject
Project("{9A19103F-16F7-4668-BE54-9A1E7A4F7556}") = "GildedRose01", "GildedRose01\GildedRose01.csproj", "{A83C34F8-252E-4F29-9702-341900619B20}"
EndProject
Project("{2150E333-8FDC-42A3-9474-1A3956D46DE8}") = "00 (Original)", "00 (Original)", "{0138FE12-5D5A-473F-963A-7AA01F4E1512}"
EndProject
Project("{2150E333-8FDC-42A3-9474-1A3956D46DE8}") = "01", "01", "{A5081163-BFAE-4A5A-A3E0-8DDB0A8E4C1B}"
EndProject
Project("{9A19103F-16F7-4668-BE54-9A1E7A4F7556}") = "GildedRose01Tests", "GildedRose01Tests\GildedRose01Tests.csproj", "{449EDBB2-1C60-4F12-9BA7-36AC17811E89}"
EndProject
Project("{2150E333-8FDC-42A3-9474-1A3956D46DE8}") = "02", "02", "{B5321FBD-FF0E-4104-89B6-6F715021F0F7}"
EndProject
Project("{2150E333-8FDC-42A3-9474-1A3956D46DE8}") = "05 (Final)", "05 (Final)", "{ED9544A4-DA50-4AEB-8E86-71F5EB56B876}"
EndProject
Project("{2150E333-8FDC-42A3-9474-1A3956D46DE8}") = "06 (Conjured)", "06 (Conjured)", "{D9D948CF-D100-4DC7-BCCE-6529E2D587F8}"
EndProject
Project("{9A19103F-16F7-4668-BE54-9A1E7A4F7556}") = "GildedRose02", "GildedRose02\GildedRose02.csproj", "{86659B27-15AA-44AB-AF49-DE1630C73102}"
EndProject
Project("{9A19103F-16F7-4668-BE54-9A1E7A4F7556}") = "GildedRose02Tests", "GildedRose02Tests\GildedRose02Tests.csproj", "{6EBFDAA2-840A-49F7-AD05-D6F5D0921575}"
EndProject
Project("{2150E333-8FDC-42A3-9474-1A3956D46DE8}") = "03", "03", "{018CAEA0-14DD-48D2-82E6-E6EA187A445F}"
EndProject
Project("{9A19103F-16F7-4668-BE54-9A1E7A4F7556}") = "GildedRose03", "GildedRose03\GildedRose03.csproj", "{50D53C74-D6AE-467A-9C84-0A093B719E0B}"
EndProject
Project("{9A19103F-16F7-4668-BE54-9A1E7A4F7556}") = "GildedRose03Tests", "GildedRose03Tests\GildedRose03Tests.csproj", "{BACA0577-80F5-40B4-95E2-9756AFE111A2}"
EndProject
Project("{2150E333-8FDC-42A3-9474-1A3956D46DE8}") = "04 (Pre Final)", "04 (Pre Final)", "{901DE251-B45A-4155-81D5-68B4AE4A6BBC}"
EndProject
Project("{9A19103F-16F7-4668-BE54-9A1E7A4F7556}") = "GildedRosePreFinal", "GildedRosePreFinal\GildedRosePreFinal.csproj", "{FECDCB4F-9BED-458F-BF6E-7FA50D93F6B3}"
EndProject
Project("{9A19103F-16F7-4668-BE54-9A1E7A4F7556}") = "GildedRoseTestsPreFinal", "GildedRoseTestsPreFinal\GildedRoseTestsPreFinal.csproj", "{1DBA81C3-8213-4892-95FB-10BE36AA34B9}"
EndProject
Project("{2150E333-8FDC-42A3-9474-1A3956D46DE8}") = "Solution Items", "Solution Items", "{E63849C1-6549-45B3-B151-68C0EFAA0137}"
	ProjectSection(SolutionItems) = preProject
		..\GildedRoseRequirements.md = ..\GildedRoseRequirements.md
		README.md = README.md
	EndProjectSection
EndProject
Global
	GlobalSection(SolutionConfigurationPlatforms) = preSolution
		Debug|Any CPU = Debug|Any CPU
		Release|Any CPU = Release|Any CPU
	EndGlobalSection
	GlobalSection(ProjectConfigurationPlatforms) = postSolution
		{D781C52B-92C0-48BF-8414-177495DF4174}.Debug|Any CPU.ActiveCfg = Debug|Any CPU
		{D781C52B-92C0-48BF-8414-177495DF4174}.Debug|Any CPU.Build.0 = Debug|Any CPU
		{D781C52B-92C0-48BF-8414-177495DF4174}.Release|Any CPU.ActiveCfg = Release|Any CPU
		{D781C52B-92C0-48BF-8414-177495DF4174}.Release|Any CPU.Build.0 = Release|Any CPU
		{CB6715CE-A283-4C70-9C1B-F58822077731}.Debug|Any CPU.ActiveCfg = Debug|Any CPU
		{CB6715CE-A283-4C70-9C1B-F58822077731}.Debug|Any CPU.Build.0 = Debug|Any CPU
		{CB6715CE-A283-4C70-9C1B-F58822077731}.Release|Any CPU.ActiveCfg = Release|Any CPU
		{CB6715CE-A283-4C70-9C1B-F58822077731}.Release|Any CPU.Build.0 = Release|Any CPU
		{6C432209-94B3-4474-BE6B-4CF760661299}.Debug|Any CPU.ActiveCfg = Debug|Any CPU
		{6C432209-94B3-4474-BE6B-4CF760661299}.Debug|Any CPU.Build.0 = Debug|Any CPU
		{6C432209-94B3-4474-BE6B-4CF760661299}.Release|Any CPU.ActiveCfg = Release|Any CPU
		{6C432209-94B3-4474-BE6B-4CF760661299}.Release|Any CPU.Build.0 = Release|Any CPU
		{599CA028-AE80-446C-919F-A27A01B37A52}.Debug|Any CPU.ActiveCfg = Debug|Any CPU
		{599CA028-AE80-446C-919F-A27A01B37A52}.Debug|Any CPU.Build.0 = Debug|Any CPU
		{599CA028-AE80-446C-919F-A27A01B37A52}.Release|Any CPU.ActiveCfg = Release|Any CPU
		{599CA028-AE80-446C-919F-A27A01B37A52}.Release|Any CPU.Build.0 = Release|Any CPU
		{AFA91621-5F50-4ABA-9711-198C5F09B455}.Debug|Any CPU.ActiveCfg = Debug|Any CPU
		{AFA91621-5F50-4ABA-9711-198C5F09B455}.Debug|Any CPU.Build.0 = Debug|Any CPU
		{AFA91621-5F50-4ABA-9711-198C5F09B455}.Release|Any CPU.ActiveCfg = Release|Any CPU
		{AFA91621-5F50-4ABA-9711-198C5F09B455}.Release|Any CPU.Build.0 = Release|Any CPU
		{B660C1BB-98B8-47E2-B917-A3BC6C35FB75}.Debug|Any CPU.ActiveCfg = Debug|Any CPU
		{B660C1BB-98B8-47E2-B917-A3BC6C35FB75}.Debug|Any CPU.Build.0 = Debug|Any CPU
		{B660C1BB-98B8-47E2-B917-A3BC6C35FB75}.Release|Any CPU.ActiveCfg = Release|Any CPU
		{B660C1BB-98B8-47E2-B917-A3BC6C35FB75}.Release|Any CPU.Build.0 = Release|Any CPU
		{A83C34F8-252E-4F29-9702-341900619B20}.Debug|Any CPU.ActiveCfg = Debug|Any CPU
		{A83C34F8-252E-4F29-9702-341900619B20}.Debug|Any CPU.Build.0 = Debug|Any CPU
		{A83C34F8-252E-4F29-9702-341900619B20}.Release|Any CPU.ActiveCfg = Release|Any CPU
		{A83C34F8-252E-4F29-9702-341900619B20}.Release|Any CPU.Build.0 = Release|Any CPU
		{449EDBB2-1C60-4F12-9BA7-36AC17811E89}.Debug|Any CPU.ActiveCfg = Debug|Any CPU
		{449EDBB2-1C60-4F12-9BA7-36AC17811E89}.Debug|Any CPU.Build.0 = Debug|Any CPU
		{449EDBB2-1C60-4F12-9BA7-36AC17811E89}.Release|Any CPU.ActiveCfg = Release|Any CPU
		{449EDBB2-1C60-4F12-9BA7-36AC17811E89}.Release|Any CPU.Build.0 = Release|Any CPU
		{86659B27-15AA-44AB-AF49-DE1630C73102}.Debug|Any CPU.ActiveCfg = Debug|Any CPU
		{86659B27-15AA-44AB-AF49-DE1630C73102}.Debug|Any CPU.Build.0 = Debug|Any CPU
		{86659B27-15AA-44AB-AF49-DE1630C73102}.Release|Any CPU.ActiveCfg = Release|Any CPU
		{86659B27-15AA-44AB-AF49-DE1630C73102}.Release|Any CPU.Build.0 = Release|Any CPU
		{6EBFDAA2-840A-49F7-AD05-D6F5D0921575}.Debug|Any CPU.ActiveCfg = Debug|Any CPU
		{6EBFDAA2-840A-49F7-AD05-D6F5D0921575}.Debug|Any CPU.Build.0 = Debug|Any CPU
		{6EBFDAA2-840A-49F7-AD05-D6F5D0921575}.Release|Any CPU.ActiveCfg = Release|Any CPU
		{6EBFDAA2-840A-49F7-AD05-D6F5D0921575}.Release|Any CPU.Build.0 = Release|Any CPU
		{50D53C74-D6AE-467A-9C84-0A093B719E0B}.Debug|Any CPU.ActiveCfg = Debug|Any CPU
		{50D53C74-D6AE-467A-9C84-0A093B719E0B}.Debug|Any CPU.Build.0 = Debug|Any CPU
		{50D53C74-D6AE-467A-9C84-0A093B719E0B}.Release|Any CPU.ActiveCfg = Release|Any CPU
		{50D53C74-D6AE-467A-9C84-0A093B719E0B}.Release|Any CPU.Build.0 = Release|Any CPU
		{BACA0577-80F5-40B4-95E2-9756AFE111A2}.Debug|Any CPU.ActiveCfg = Debug|Any CPU
		{BACA0577-80F5-40B4-95E2-9756AFE111A2}.Debug|Any CPU.Build.0 = Debug|Any CPU
		{BACA0577-80F5-40B4-95E2-9756AFE111A2}.Release|Any CPU.ActiveCfg = Release|Any CPU
		{BACA0577-80F5-40B4-95E2-9756AFE111A2}.Release|Any CPU.Build.0 = Release|Any CPU
		{FECDCB4F-9BED-458F-BF6E-7FA50D93F6B3}.Debug|Any CPU.ActiveCfg = Debug|Any CPU
		{FECDCB4F-9BED-458F-BF6E-7FA50D93F6B3}.Debug|Any CPU.Build.0 = Debug|Any CPU
		{FECDCB4F-9BED-458F-BF6E-7FA50D93F6B3}.Release|Any CPU.ActiveCfg = Release|Any CPU
		{FECDCB4F-9BED-458F-BF6E-7FA50D93F6B3}.Release|Any CPU.Build.0 = Release|Any CPU
		{1DBA81C3-8213-4892-95FB-10BE36AA34B9}.Debug|Any CPU.ActiveCfg = Debug|Any CPU
		{1DBA81C3-8213-4892-95FB-10BE36AA34B9}.Debug|Any CPU.Build.0 = Debug|Any CPU
		{1DBA81C3-8213-4892-95FB-10BE36AA34B9}.Release|Any CPU.ActiveCfg = Release|Any CPU
		{1DBA81C3-8213-4892-95FB-10BE36AA34B9}.Release|Any CPU.Build.0 = Release|Any CPU
	EndGlobalSection
	GlobalSection(SolutionProperties) = preSolution
		HideSolutionNode = FALSE
	EndGlobalSection
	GlobalSection(NestedProjects) = preSolution
		{D781C52B-92C0-48BF-8414-177495DF4174} = {0138FE12-5D5A-473F-963A-7AA01F4E1512}
		{CB6715CE-A283-4C70-9C1B-F58822077731} = {0138FE12-5D5A-473F-963A-7AA01F4E1512}
		{6C432209-94B3-4474-BE6B-4CF760661299} = {ED9544A4-DA50-4AEB-8E86-71F5EB56B876}
		{599CA028-AE80-446C-919F-A27A01B37A52} = {ED9544A4-DA50-4AEB-8E86-71F5EB56B876}
		{AFA91621-5F50-4ABA-9711-198C5F09B455} = {D9D948CF-D100-4DC7-BCCE-6529E2D587F8}
		{B660C1BB-98B8-47E2-B917-A3BC6C35FB75} = {D9D948CF-D100-4DC7-BCCE-6529E2D587F8}
		{A83C34F8-252E-4F29-9702-341900619B20} = {A5081163-BFAE-4A5A-A3E0-8DDB0A8E4C1B}
		{449EDBB2-1C60-4F12-9BA7-36AC17811E89} = {A5081163-BFAE-4A5A-A3E0-8DDB0A8E4C1B}
		{86659B27-15AA-44AB-AF49-DE1630C73102} = {B5321FBD-FF0E-4104-89B6-6F715021F0F7}
		{6EBFDAA2-840A-49F7-AD05-D6F5D0921575} = {B5321FBD-FF0E-4104-89B6-6F715021F0F7}
		{50D53C74-D6AE-467A-9C84-0A093B719E0B} = {018CAEA0-14DD-48D2-82E6-E6EA187A445F}
		{BACA0577-80F5-40B4-95E2-9756AFE111A2} = {018CAEA0-14DD-48D2-82E6-E6EA187A445F}
		{FECDCB4F-9BED-458F-BF6E-7FA50D93F6B3} = {901DE251-B45A-4155-81D5-68B4AE4A6BBC}
		{1DBA81C3-8213-4892-95FB-10BE36AA34B9} = {901DE251-B45A-4155-81D5-68B4AE4A6BBC}
	EndGlobalSection
	GlobalSection(ExtensibilityGlobals) = postSolution
		SolutionGuid = {02785EA4-86A5-4E57-9A9A-6998FAE1E617}
	EndGlobalSection
EndGlobal
